{
  "name": "truffletest",
  "version": "1.0.0",
  "lockfileVersion": 1,
  "requires": true,
  "dependencies": {
    "@openzeppelin/contracts-upgradeable": {
      "version": "3.2.2-solc-0.7",
      "resolved": "https://registry.npmjs.org/@openzeppelin/contracts-upgradeable/-/contracts-upgradeable-3.2.2-solc-0.7.tgz",
      "integrity": "sha512-RJYc9/0flESCDzGel0sTiIP+QicpUJpqI+x5JJ+mOO6y1Uk8MVnr8BD2i6NEje8GWuezdFtrPpyGF1N/OztWAg=="
    }
  }
}
